
Microsoft Visual Studio Solution File, Format Version 12.00
# Visual Studio 2012
Project("{FAE04EC0-301F-11D3-BF4B-00C04F79EFBC}") = "Tools", "Tools\Tools.csproj", "{5222D408-3169-41A0-BDFA-BEEFF695AB80}"
EndProject
Project("{FAE04EC0-301F-11D3-BF4B-00C04F79EFBC}") = "ConsoleApplication1", "ConsoleApplication1\ConsoleApplication1.csproj", "{F84F3BA7-F211-4081-ADAB-9E491B34E221}"
EndProject
Global
	GlobalSection(TeamFoundationVersionControl) = preSolution
		SccNumberOfProjects = 3
		SccEnterpriseProvider = {4CA58AB2-18FA-4F8D-95D4-32DDF27D184C}
		SccTeamFoundationServer = http://192.168.1.132:8383/tfs/yuzx
		SccLocalPath0 = .
		SccProjectUniqueName1 = ConsoleApplication1\\ConsoleApplication1.csproj
		SccProjectName1 = ConsoleApplication1
		SccLocalPath1 = ConsoleApplication1
		SccProjectUniqueName2 = Tools\\Tools.csproj
		SccProjectName2 = Tools
		SccLocalPath2 = Tools
	EndGlobalSection
	GlobalSection(SolutionConfigurationPlatforms) = preSolution
		Debug|Any CPU = Debug|Any CPU
		Release|Any CPU = Release|Any CPU
	EndGlobalSection
	GlobalSection(ProjectConfigurationPlatforms) = postSolution
		{5222D408-3169-41A0-BDFA-BEEFF695AB80}.Debug|Any CPU.ActiveCfg = Debug|Any CPU
		{5222D408-3169-41A0-BDFA-BEEFF695AB80}.Debug|Any CPU.Build.0 = Debug|Any CPU
		{5222D408-3169-41A0-BDFA-BEEFF695AB80}.Release|Any CPU.ActiveCfg = Release|Any CPU
		{5222D408-3169-41A0-BDFA-BEEFF695AB80}.Release|Any CPU.Build.0 = Release|Any CPU
		{F84F3BA7-F211-4081-ADAB-9E491B34E221}.Debug|Any CPU.ActiveCfg = Debug|Any CPU
		{F84F3BA7-F211-4081-ADAB-9E491B34E221}.Debug|Any CPU.Build.0 = Debug|Any CPU
		{F84F3BA7-F211-4081-ADAB-9E491B34E221}.Debug|Any CPU.Deploy.0 = Debug|Any CPU
		{F84F3BA7-F211-4081-ADAB-9E491B34E221}.Release|Any CPU.ActiveCfg = Release|Any CPU
		{F84F3BA7-F211-4081-ADAB-9E491B34E221}.Release|Any CPU.Build.0 = Release|Any CPU
	EndGlobalSection
	GlobalSection(SolutionProperties) = preSolution
		HideSolutionNode = FALSE
	EndGlobalSection
EndGlobal
